{"1.2.0",
[{<<"fuse">>,{pkg,<<"fuse">>,<<"2.5.0">>},0},
 {<<"jsx">>,{pkg,<<"jsx">>,<<"3.1.0">>},0}]}.
[
{pkg_hash,[
 {<<"fuse">>, <<"71AFA90BE21DA4E64F94ABBA9D36472FAA2D799C67FEDC3BD1752A88EA4C4753">>},
 {<<"jsx">>, <<"D12516BAA0BB23A59BB35DCCAF02A1BD08243FCBB9EFE24F2D9D056CCFF71268">>}]},
{pkg_hash_ext,[
 {<<"fuse">>, <<"7F52A1C84571731AD3C91D569E03131CC220EBAA7E2A11034405F0BAC46A4FEF">>},
 {<<"jsx">>, <<"0C5CC8FDC11B53CC25CF65AC6705AD39E54ECC56D1C22E4ADB8F5A53FB9427F3">>}]}
].
